// !$*UTF8*$!
{
	archiveVersion = 1;
	classes = {
	};
	objectVersion = 46;
	objects = {

/* Begin PBXBuildFile section */
		F54297D01D5E1467007C6E41 /* QuartzCore.framework in Frameworks */ = {isa = PBXBuildFile; fileRef = F54297CF1D5E1467007C6E41 /* QuartzCore.framework */; };
		F55E96031D510CA600EFEAAA /* main.m in Sources */ = {isa = PBXBuildFile; fileRef = F55E96021D510CA600EFEAAA /* main.m */; };
		F55E96061D510CA600EFEAAA /* AppDelegate.m in Sources */ = {isa = PBXBuildFile; fileRef = F55E96051D510CA600EFEAAA /* AppDelegate.m */; };
		F55E96091D510CA600EFEAAA /* ViewController.m in Sources */ = {isa = PBXBuildFile; fileRef = F55E96081D510CA600EFEAAA /* ViewController.m */; };
		F55E960F1D510CA600EFEAAA /* NaturiS.xcdatamodeld in Sources */ = {isa = PBXBuildFile; fileRef = F55E960D1D510CA600EFEAAA /* NaturiS.xcdatamodeld */; };
		F55E96141D510CA600EFEAAA /* LaunchScreen.storyboard in Resources */ = {isa = PBXBuildFile; fileRef = F55E96121D510CA600EFEAAA /* LaunchScreen.storyboard */; };
		F55E961F1D510CA600EFEAAA /* NaturiSTests.m in Sources */ = {isa = PBXBuildFile; fileRef = F55E961E1D510CA600EFEAAA /* NaturiSTests.m */; };
		F55E962A1D510CA600EFEAAA /* NaturiSUITests.m in Sources */ = {isa = PBXBuildFile; fileRef = F55E96291D510CA600EFEAAA /* NaturiSUITests.m */; };
		F55E96381D510CCF00EFEAAA /* Main.storyboard in Resources */ = {isa = PBXBuildFile; fileRef = F55E96371D510CCF00EFEAAA /* Main.storyboard */; };
		F55E963A1D510D6300EFEAAA /* Assets.xcassets in Resources */ = {isa = PBXBuildFile; fileRef = F55E96391D510D6300EFEAAA /* Assets.xcassets */; };
		F58B10601D512F6A00B64183 /* DemoIntroViewController.m in Sources */ = {isa = PBXBuildFile; fileRef = F58B105F1D512F6A00B64183 /* DemoIntroViewController.m */; };
		F58B10631D512F8200B64183 /* TravelIntroViewController.m in Sources */ = {isa = PBXBuildFile; fileRef = F58B10621D512F8200B64183 /* TravelIntroViewController.m */; };
		F58B10661D512F8F00B64183 /* TravelViewController.m in Sources */ = {isa = PBXBuildFile; fileRef = F58B10651D512F8F00B64183 /* TravelViewController.m */; };
		F58B10691D512F9D00B64183 /* ArriveViewController.m in Sources */ = {isa = PBXBuildFile; fileRef = F58B10681D512F9D00B64183 /* ArriveViewController.m */; };
		F58B106C1D512FB300B64183 /* CollectIntroViewController.m in Sources */ = {isa = PBXBuildFile; fileRef = F58B106B1D512FB300B64183 /* CollectIntroViewController.m */; };
		F58B106F1D512FBC00B64183 /* CollectViewController.m in Sources */ = {isa = PBXBuildFile; fileRef = F58B106E1D512FBC00B64183 /* CollectViewController.m */; };
		F58B10721D512FCE00B64183 /* DemoReadyViewController.m in Sources */ = {isa = PBXBuildFile; fileRef = F58B10711D512FCE00B64183 /* DemoReadyViewController.m */; };
		F58B10751D512FD600B64183 /* DemoViewController.m in Sources */ = {isa = PBXBuildFile; fileRef = F58B10741D512FD600B64183 /* DemoViewController.m */; };
		F58B10781D512FE900B64183 /* FeedbackIntroViewController.m in Sources */ = {isa = PBXBuildFile; fileRef = F58B10771D512FE900B64183 /* FeedbackIntroViewController.m */; };
		F58B107B1D512FF400B64183 /* FeedbackViewController.m in Sources */ = {isa = PBXBuildFile; fileRef = F58B107A1D512FF400B64183 /* FeedbackViewController.m */; };
		F58B107E1D51301400B64183 /* CongratulationViewController.m in Sources */ = {isa = PBXBuildFile; fileRef = F58B107D1D51301400B64183 /* CongratulationViewController.m */; };
		F58B10811D51302900B64183 /* LeaveIntroViewController.m in Sources */ = {isa = PBXBuildFile; fileRef = F58B10801D51302900B64183 /* LeaveIntroViewController.m */; };
		F58B10841D51303100B64183 /* LeaveViewController.m in Sources */ = {isa = PBXBuildFile; fileRef = F58B10831D51303100B64183 /* LeaveViewController.m */; };
		F58B10871D51304800B64183 /* NextDemoViewController.m in Sources */ = {isa = PBXBuildFile; fileRef = F58B10861D51304800B64183 /* NextDemoViewController.m */; };
		F58B108A1D53B68600B64183 /* LoginViewController.m in Sources */ = {isa = PBXBuildFile; fileRef = F58B10891D53B68600B64183 /* LoginViewController.m */; };
		F58B108E1D53CA7A00B64183 /* CompetitorAnalysisViewController.m in Sources */ = {isa = PBXBuildFile; fileRef = F58B108D1D53CA7A00B64183 /* CompetitorAnalysisViewController.m */; };
		F58B10911D53CA8800B64183 /* OurProductViewController.m in Sources */ = {isa = PBXBuildFile; fileRef = F58B10901D53CA8800B64183 /* OurProductViewController.m */; };
		F58B10941D53CB3400B64183 /* SpecificQuestionViewController.m in Sources */ = {isa = PBXBuildFile; fileRef = F58B10931D53CB3400B64183 /* SpecificQuestionViewController.m */; };
		F58B10971D53CB4200B64183 /* GeneralFeedbackViewController.m in Sources */ = {isa = PBXBuildFile; fileRef = F58B10961D53CB4200B64183 /* GeneralFeedbackViewController.m */; };
		F58B10991D56175700B64183 /* CoreLocation.framework in Frameworks */ = {isa = PBXBuildFile; fileRef = F58B10981D56175700B64183 /* CoreLocation.framework */; };
/* End PBXBuildFile section */

/* Begin PBXContainerItemProxy section */
		F55E961B1D510CA600EFEAAA /* PBXContainerItemProxy */ = {
			isa = PBXContainerItemProxy;
			containerPortal = F55E95F61D510CA600EFEAAA /* Project object */;
			proxyType = 1;
			remoteGlobalIDString = F55E95FD1D510CA600EFEAAA;
			remoteInfo = NaturiS;
		};
		F55E96261D510CA600EFEAAA /* PBXContainerItemProxy */ = {
			isa = PBXContainerItemProxy;
			containerPortal = F55E95F61D510CA600EFEAAA /* Project object */;
			proxyType = 1;
			remoteGlobalIDString = F55E95FD1D510CA600EFEAAA;
			remoteInfo = NaturiS;
		};
/* End PBXContainerItemProxy section */

/* Begin PBXFileReference section */
		F54297CF1D5E1467007C6E41 /* QuartzCore.framework */ = {isa = PBXFileReference; lastKnownFileType = wrapper.framework; name = QuartzCore.framework; path = System/Library/Frameworks/QuartzCore.framework; sourceTree = SDKROOT; };
		F55E95FE1D510CA600EFEAAA /* BrandEasy.app */ = {isa = PBXFileReference; explicitFileType = wrapper.application; includeInIndex = 0; path = BrandEasy.app; sourceTree = BUILT_PRODUCTS_DIR; };
		F55E96021D510CA600EFEAAA /* main.m */ = {isa = PBXFileReference; lastKnownFileType = sourcecode.c.objc; path = main.m; sourceTree = "<group>"; };
		F55E96041D510CA600EFEAAA /* AppDelegate.h */ = {isa = PBXFileReference; lastKnownFileType = sourcecode.c.h; path = AppDelegate.h; sourceTree = "<group>"; };
		F55E96051D510CA600EFEAAA /* AppDelegate.m */ = {isa = PBXFileReference; lastKnownFileType = sourcecode.c.objc; path = AppDelegate.m; sourceTree = "<group>"; };
		F55E96071D510CA600EFEAAA /* ViewController.h */ = {isa = PBXFileReference; lastKnownFileType = sourcecode.c.h; path = ViewController.h; sourceTree = "<group>"; };
		F55E96081D510CA600EFEAAA /* ViewController.m */ = {isa = PBXFileReference; lastKnownFileType = sourcecode.c.objc; path = ViewController.m; sourceTree = "<group>"; };
		F55E960E1D510CA600EFEAAA /* NaturiS.xcdatamodel */ = {isa = PBXFileReference; lastKnownFileType = wrapper.xcdatamodel; path = NaturiS.xcdatamodel; sourceTree = "<group>"; };
		F55E96131D510CA600EFEAAA /* Base */ = {isa = PBXFileReference; lastKnownFileType = file.storyboard; name = Base; path = Base.lproj/LaunchScreen.storyboard; sourceTree = "<group>"; };
		F55E96151D510CA600EFEAAA /* Info.plist */ = {isa = PBXFileReference; lastKnownFileType = text.plist.xml; path = Info.plist; sourceTree = "<group>"; };
		F55E961A1D510CA600EFEAAA /* BrandEasy.xctest */ = {isa = PBXFileReference; explicitFileType = wrapper.cfbundle; includeInIndex = 0; path = BrandEasy.xctest; sourceTree = BUILT_PRODUCTS_DIR; };
		F55E961E1D510CA600EFEAAA /* NaturiSTests.m */ = {isa = PBXFileReference; lastKnownFileType = sourcecode.c.objc; path = NaturiSTests.m; sourceTree = "<group>"; };
		F55E96201D510CA600EFEAAA /* Info.plist */ = {isa = PBXFileReference; lastKnownFileType = text.plist.xml; path = Info.plist; sourceTree = "<group>"; };
		F55E96251D510CA600EFEAAA /* BrandEasy.xctest */ = {isa = PBXFileReference; explicitFileType = wrapper.cfbundle; includeInIndex = 0; path = BrandEasy.xctest; sourceTree = BUILT_PRODUCTS_DIR; };
		F55E96291D510CA600EFEAAA /* NaturiSUITests.m */ = {isa = PBXFileReference; lastKnownFileType = sourcecode.c.objc; path = NaturiSUITests.m; sourceTree = "<group>"; };
		F55E962B1D510CA600EFEAAA /* Info.plist */ = {isa = PBXFileReference; lastKnownFileType = text.plist.xml; path = Info.plist; sourceTree = "<group>"; };
		F55E96371D510CCF00EFEAAA /* Main.storyboard */ = {isa = PBXFileReference; fileEncoding = 4; lastKnownFileType = file.storyboard; path = Main.storyboard; sourceTree = "<group>"; };
		F55E96391D510D6300EFEAAA /* Assets.xcassets */ = {isa = PBXFileReference; lastKnownFileType = folder.assetcatalog; path = Assets.xcassets; sourceTree = "<group>"; };
		F58B105E1D512F6A00B64183 /* DemoIntroViewController.h */ = {isa = PBXFileReference; fileEncoding = 4; lastKnownFileType = sourcecode.c.h; path = DemoIntroViewController.h; sourceTree = "<group>"; };
		F58B105F1D512F6A00B64183 /* DemoIntroViewController.m */ = {isa = PBXFileReference; fileEncoding = 4; lastKnownFileType = sourcecode.c.objc; path = DemoIntroViewController.m; sourceTree = "<group>"; };
		F58B10611D512F8200B64183 /* TravelIntroViewController.h */ = {isa = PBXFileReference; fileEncoding = 4; lastKnownFileType = sourcecode.c.h; path = TravelIntroViewController.h; sourceTree = "<group>"; };
		F58B10621D512F8200B64183 /* TravelIntroViewController.m */ = {isa = PBXFileReference; fileEncoding = 4; lastKnownFileType = sourcecode.c.objc; path = TravelIntroViewController.m; sourceTree = "<group>"; };
		F58B10641D512F8F00B64183 /* TravelViewController.h */ = {isa = PBXFileReference; fileEncoding = 4; lastKnownFileType = sourcecode.c.h; path = TravelViewController.h; sourceTree = "<group>"; };
		F58B10651D512F8F00B64183 /* TravelViewController.m */ = {isa = PBXFileReference; fileEncoding = 4; lastKnownFileType = sourcecode.c.objc; path = TravelViewController.m; sourceTree = "<group>"; };
		F58B10671D512F9D00B64183 /* ArriveViewController.h */ = {isa = PBXFileReference; fileEncoding = 4; lastKnownFileType = sourcecode.c.h; path = ArriveViewController.h; sourceTree = "<group>"; };
		F58B10681D512F9D00B64183 /* ArriveViewController.m */ = {isa = PBXFileReference; fileEncoding = 4; lastKnownFileType = sourcecode.c.objc; path = ArriveViewController.m; sourceTree = "<group>"; };
		F58B106A1D512FB300B64183 /* CollectIntroViewController.h */ = {isa = PBXFileReference; fileEncoding = 4; lastKnownFileType = sourcecode.c.h; path = CollectIntroViewController.h; sourceTree = "<group>"; };
		F58B106B1D512FB300B64183 /* CollectIntroViewController.m */ = {isa = PBXFileReference; fileEncoding = 4; lastKnownFileType = sourcecode.c.objc; path = CollectIntroViewController.m; sourceTree = "<group>"; };
		F58B106D1D512FBC00B64183 /* CollectViewController.h */ = {isa = PBXFileReference; fileEncoding = 4; lastKnownFileType = sourcecode.c.h; path = CollectViewController.h; sourceTree = "<group>"; };
		F58B106E1D512FBC00B64183 /* CollectViewController.m */ = {isa = PBXFileReference; fileEncoding = 4; lastKnownFileType = sourcecode.c.objc; path = CollectViewController.m; sourceTree = "<group>"; };
		F58B10701D512FCE00B64183 /* DemoReadyViewController.h */ = {isa = PBXFileReference; fileEncoding = 4; lastKnownFileType = sourcecode.c.h; path = DemoReadyViewController.h; sourceTree = "<group>"; };
		F58B10711D512FCE00B64183 /* DemoReadyViewController.m */ = {isa = PBXFileReference; fileEncoding = 4; lastKnownFileType = sourcecode.c.objc; path = DemoReadyViewController.m; sourceTree = "<group>"; };
		F58B10731D512FD600B64183 /* DemoViewController.h */ = {isa = PBXFileReference; fileEncoding = 4; lastKnownFileType = sourcecode.c.h; path = DemoViewController.h; sourceTree = "<group>"; };
		F58B10741D512FD600B64183 /* DemoViewController.m */ = {isa = PBXFileReference; fileEncoding = 4; lastKnownFileType = sourcecode.c.objc; path = DemoViewController.m; sourceTree = "<group>"; };
		F58B10761D512FE900B64183 /* FeedbackIntroViewController.h */ = {isa = PBXFileReference; fileEncoding = 4; lastKnownFileType = sourcecode.c.h; path = FeedbackIntroViewController.h; sourceTree = "<group>"; };
		F58B10771D512FE900B64183 /* FeedbackIntroViewController.m */ = {isa = PBXFileReference; fileEncoding = 4; lastKnownFileType = sourcecode.c.objc; path = FeedbackIntroViewController.m; sourceTree = "<group>"; };
		F58B10791D512FF400B64183 /* FeedbackViewController.h */ = {isa = PBXFileReference; fileEncoding = 4; lastKnownFileType = sourcecode.c.h; path = FeedbackViewController.h; sourceTree = "<group>"; };
		F58B107A1D512FF400B64183 /* FeedbackViewController.m */ = {isa = PBXFileReference; fileEncoding = 4; lastKnownFileType = sourcecode.c.objc; path = FeedbackViewController.m; sourceTree = "<group>"; };
		F58B107C1D51301400B64183 /* CongratulationViewController.h */ = {isa = PBXFileReference; fileEncoding = 4; lastKnownFileType = sourcecode.c.h; path = CongratulationViewController.h; sourceTree = "<group>"; };
		F58B107D1D51301400B64183 /* CongratulationViewController.m */ = {isa = PBXFileReference; fileEncoding = 4; lastKnownFileType = sourcecode.c.objc; path = CongratulationViewController.m; sourceTree = "<group>"; };
		F58B107F1D51302900B64183 /* LeaveIntroViewController.h */ = {isa = PBXFileReference; fileEncoding = 4; lastKnownFileType = sourcecode.c.h; path = LeaveIntroViewController.h; sourceTree = "<group>"; };
		F58B10801D51302900B64183 /* LeaveIntroViewController.m */ = {isa = PBXFileReference; fileEncoding = 4; lastKnownFileType = sourcecode.c.objc; path = LeaveIntroViewController.m; sourceTree = "<group>"; };
		F58B10821D51303100B64183 /* LeaveViewController.h */ = {isa = PBXFileReference; fileEncoding = 4; lastKnownFileType = sourcecode.c.h; path = LeaveViewController.h; sourceTree = "<group>"; };
		F58B10831D51303100B64183 /* LeaveViewController.m */ = {isa = PBXFileReference; fileEncoding = 4; lastKnownFileType = sourcecode.c.objc; path = LeaveViewController.m; sourceTree = "<group>"; };
		F58B10851D51304800B64183 /* NextDemoViewController.h */ = {isa = PBXFileReference; fileEncoding = 4; lastKnownFileType = sourcecode.c.h; path = NextDemoViewController.h; sourceTree = "<group>"; };
		F58B10861D51304800B64183 /* NextDemoViewController.m */ = {isa = PBXFileReference; fileEncoding = 4; lastKnownFileType = sourcecode.c.objc; path = NextDemoViewController.m; sourceTree = "<group>"; };
		F58B10881D53B68600B64183 /* LoginViewController.h */ = {isa = PBXFileReference; fileEncoding = 4; lastKnownFileType = sourcecode.c.h; path = LoginViewController.h; sourceTree = "<group>"; };
		F58B10891D53B68600B64183 /* LoginViewController.m */ = {isa = PBXFileReference; fileEncoding = 4; lastKnownFileType = sourcecode.c.objc; path = LoginViewController.m; sourceTree = "<group>"; };
		F58B108C1D53CA7A00B64183 /* CompetitorAnalysisViewController.h */ = {isa = PBXFileReference; fileEncoding = 4; lastKnownFileType = sourcecode.c.h; path = CompetitorAnalysisViewController.h; sourceTree = "<group>"; };
		F58B108D1D53CA7A00B64183 /* CompetitorAnalysisViewController.m */ = {isa = PBXFileReference; fileEncoding = 4; lastKnownFileType = sourcecode.c.objc; path = CompetitorAnalysisViewController.m; sourceTree = "<group>"; };
		F58B108F1D53CA8800B64183 /* OurProductViewController.h */ = {isa = PBXFileReference; fileEncoding = 4; lastKnownFileType = sourcecode.c.h; path = OurProductViewController.h; sourceTree = "<group>"; };
		F58B10901D53CA8800B64183 /* OurProductViewController.m */ = {isa = PBXFileReference; fileEncoding = 4; lastKnownFileType = sourcecode.c.objc; path = OurProductViewController.m; sourceTree = "<group>"; };
		F58B10921D53CB3400B64183 /* SpecificQuestionViewController.h */ = {isa = PBXFileReference; fileEncoding = 4; lastKnownFileType = sourcecode.c.h; path = SpecificQuestionViewController.h; sourceTree = "<group>"; };
		F58B10931D53CB3400B64183 /* SpecificQuestionViewController.m */ = {isa = PBXFileReference; fileEncoding = 4; lastKnownFileType = sourcecode.c.objc; path = SpecificQuestionViewController.m; sourceTree = "<group>"; };
		F58B10951D53CB4200B64183 /* GeneralFeedbackViewController.h */ = {isa = PBXFileReference; fileEncoding = 4; lastKnownFileType = sourcecode.c.h; path = GeneralFeedbackViewController.h; sourceTree = "<group>"; };
		F58B10961D53CB4200B64183 /* GeneralFeedbackViewController.m */ = {isa = PBXFileReference; fileEncoding = 4; lastKnownFileType = sourcecode.c.objc; path = GeneralFeedbackViewController.m; sourceTree = "<group>"; };
		F58B10981D56175700B64183 /* CoreLocation.framework */ = {isa = PBXFileReference; lastKnownFileType = wrapper.framework; name = CoreLocation.framework; path = System/Library/Frameworks/CoreLocation.framework; sourceTree = SDKROOT; };
/* End PBXFileReference section */

/* Begin PBXFrameworksBuildPhase section */
		F55E95FB1D510CA600EFEAAA /* Frameworks */ = {
			isa = PBXFrameworksBuildPhase;
			buildActionMask = 2147483647;
			files = (
				F54297D01D5E1467007C6E41 /* QuartzCore.framework in Frameworks */,
				F58B10991D56175700B64183 /* CoreLocation.framework in Frameworks */,
			);
			runOnlyForDeploymentPostprocessing = 0;
		};
		F55E96171D510CA600EFEAAA /* Frameworks */ = {
			isa = PBXFrameworksBuildPhase;
			buildActionMask = 2147483647;
			files = (
			);
			runOnlyForDeploymentPostprocessing = 0;
		};
		F55E96221D510CA600EFEAAA /* Frameworks */ = {
			isa = PBXFrameworksBuildPhase;
			buildActionMask = 2147483647;
			files = (
			);
			runOnlyForDeploymentPostprocessing = 0;
		};
/* End PBXFrameworksBuildPhase section */

/* Begin PBXGroup section */
		F55E95F51D510CA600EFEAAA = {
			isa = PBXGroup;
			children = (
				F54297CF1D5E1467007C6E41 /* QuartzCore.framework */,
				F58B109A1D56176100B64183 /* Framework */,
				F55E96001D510CA600EFEAAA /* dio P */,
				F55E961D1D510CA600EFEAAA /* NaturiSTests */,
				F55E96281D510CA600EFEAAA /* NaturiSUITests */,
				F55E95FF1D510CA600EFEAAA /* Products */,
			);
			sourceTree = "<group>";
		};
		F55E95FF1D510CA600EFEAAA /* Products */ = {
			isa = PBXGroup;
			children = (
				F55E95FE1D510CA600EFEAAA /* BrandEasy.app */,
				F55E961A1D510CA600EFEAAA /* BrandEasy.xctest */,
				F55E96251D510CA600EFEAAA /* BrandEasy.xctest */,
			);
			name = Products;
			sourceTree = "<group>";
		};
		F55E96001D510CA600EFEAAA /* dio P */ = {
			isa = PBXGroup;
			children = (
				F58B108B1D53B6B900B64183 /* ViewController */,
				F55E96371D510CCF00EFEAAA /* Main.storyboard */,
				F55E96391D510D6300EFEAAA /* Assets.xcassets */,
				F55E96121D510CA600EFEAAA /* LaunchScreen.storyboard */,
				F55E96011D510CA600EFEAAA /* Supporting Files */,
			);
			name = "dio P";
			path = NaturiS;
			sourceTree = "<group>";
		};
		F55E96011D510CA600EFEAAA /* Supporting Files */ = {
			isa = PBXGroup;
			children = (
				F55E96041D510CA600EFEAAA /* AppDelegate.h */,
				F55E96051D510CA600EFEAAA /* AppDelegate.m */,
				F55E960D1D510CA600EFEAAA /* NaturiS.xcdatamodeld */,
				F55E96151D510CA600EFEAAA /* Info.plist */,
				F55E96021D510CA600EFEAAA /* main.m */,
			);
			name = "Supporting Files";
			sourceTree = "<group>";
		};
		F55E961D1D510CA600EFEAAA /* NaturiSTests */ = {
			isa = PBXGroup;
			children = (
				F55E961E1D510CA600EFEAAA /* NaturiSTests.m */,
				F55E96201D510CA600EFEAAA /* Info.plist */,
			);
			path = NaturiSTests;
			sourceTree = "<group>";
		};
		F55E96281D510CA600EFEAAA /* NaturiSUITests */ = {
			isa = PBXGroup;
			children = (
				F55E96291D510CA600EFEAAA /* NaturiSUITests.m */,
				F55E962B1D510CA600EFEAAA /* Info.plist */,
			);
			path = NaturiSUITests;
			sourceTree = "<group>";
		};
		F58B108B1D53B6B900B64183 /* ViewController */ = {
			isa = PBXGroup;
			children = (
				F55E96071D510CA600EFEAAA /* ViewController.h */,
				F55E96081D510CA600EFEAAA /* ViewController.m */,
				F58B10851D51304800B64183 /* NextDemoViewController.h */,
				F58B10861D51304800B64183 /* NextDemoViewController.m */,
				F58B10821D51303100B64183 /* LeaveViewController.h */,
				F58B10831D51303100B64183 /* LeaveViewController.m */,
				F58B107F1D51302900B64183 /* LeaveIntroViewController.h */,
				F58B10801D51302900B64183 /* LeaveIntroViewController.m */,
				F58B107C1D51301400B64183 /* CongratulationViewController.h */,
				F58B107D1D51301400B64183 /* CongratulationViewController.m */,
				F58B10791D512FF400B64183 /* FeedbackViewController.h */,
				F58B107A1D512FF400B64183 /* FeedbackViewController.m */,
				F58B10761D512FE900B64183 /* FeedbackIntroViewController.h */,
				F58B10771D512FE900B64183 /* FeedbackIntroViewController.m */,
				F58B10731D512FD600B64183 /* DemoViewController.h */,
				F58B10741D512FD600B64183 /* DemoViewController.m */,
				F58B10701D512FCE00B64183 /* DemoReadyViewController.h */,
				F58B10711D512FCE00B64183 /* DemoReadyViewController.m */,
				F58B106D1D512FBC00B64183 /* CollectViewController.h */,
				F58B106E1D512FBC00B64183 /* CollectViewController.m */,
				F58B106A1D512FB300B64183 /* CollectIntroViewController.h */,
				F58B106B1D512FB300B64183 /* CollectIntroViewController.m */,
				F58B10671D512F9D00B64183 /* ArriveViewController.h */,
				F58B10681D512F9D00B64183 /* ArriveViewController.m */,
				F58B10641D512F8F00B64183 /* TravelViewController.h */,
				F58B10651D512F8F00B64183 /* TravelViewController.m */,
				F58B10611D512F8200B64183 /* TravelIntroViewController.h */,
				F58B10621D512F8200B64183 /* TravelIntroViewController.m */,
				F58B105E1D512F6A00B64183 /* DemoIntroViewController.h */,
				F58B105F1D512F6A00B64183 /* DemoIntroViewController.m */,
				F58B10881D53B68600B64183 /* LoginViewController.h */,
				F58B10891D53B68600B64183 /* LoginViewController.m */,
				F58B108C1D53CA7A00B64183 /* CompetitorAnalysisViewController.h */,
				F58B108D1D53CA7A00B64183 /* CompetitorAnalysisViewController.m */,
				F58B108F1D53CA8800B64183 /* OurProductViewController.h */,
				F58B10901D53CA8800B64183 /* OurProductViewController.m */,
				F58B10921D53CB3400B64183 /* SpecificQuestionViewController.h */,
				F58B10931D53CB3400B64183 /* SpecificQuestionViewController.m */,
				F58B10951D53CB4200B64183 /* GeneralFeedbackViewController.h */,
				F58B10961D53CB4200B64183 /* GeneralFeedbackViewController.m */,
			);
			name = ViewController;
			sourceTree = "<group>";
		};
		F58B109A1D56176100B64183 /* Framework */ = {
			isa = PBXGroup;
			children = (
				F58B10981D56175700B64183 /* CoreLocation.framework */,
			);
			name = Framework;
			sourceTree = "<group>";
		};
/* End PBXGroup section */

/* Begin PBXNativeTarget section */
		F55E95FD1D510CA600EFEAAA /* BrandEasy */ = {
			isa = PBXNativeTarget;
			buildConfigurationList = F55E962E1D510CA600EFEAAA /* Build configuration list for PBXNativeTarget "BrandEasy" */;
			buildPhases = (
				F55E95FA1D510CA600EFEAAA /* Sources */,
				F55E95FB1D510CA600EFEAAA /* Frameworks */,
				F55E95FC1D510CA600EFEAAA /* Resources */,
			);
			buildRules = (
			);
			dependencies = (
			);
			name = BrandEasy;
			productName = NaturiS;
			productReference = F55E95FE1D510CA600EFEAAA /* BrandEasy.app */;
			productType = "com.apple.product-type.application";
		};
		F55E96191D510CA600EFEAAA /* BrandEasyTests */ = {
			isa = PBXNativeTarget;
			buildConfigurationList = F55E96311D510CA600EFEAAA /* Build configuration list for PBXNativeTarget "BrandEasyTests" */;
			buildPhases = (
				F55E96161D510CA600EFEAAA /* Sources */,
				F55E96171D510CA600EFEAAA /* Frameworks */,
				F55E96181D510CA600EFEAAA /* Resources */,
			);
			buildRules = (
			);
			dependencies = (
				F55E961C1D510CA600EFEAAA /* PBXTargetDependency */,
			);
			name = BrandEasyTests;
			productName = NaturiSTests;
			productReference = F55E961A1D510CA600EFEAAA /* BrandEasy.xctest */;
			productType = "com.apple.product-type.bundle.unit-test";
		};
		F55E96241D510CA600EFEAAA /* BrandEasyUITests */ = {
			isa = PBXNativeTarget;
			buildConfigurationList = F55E96341D510CA600EFEAAA /* Build configuration list for PBXNativeTarget "BrandEasyUITests" */;
			buildPhases = (
				F55E96211D510CA600EFEAAA /* Sources */,
				F55E96221D510CA600EFEAAA /* Frameworks */,
				F55E96231D510CA600EFEAAA /* Resources */,
			);
			buildRules = (
			);
			dependencies = (
				F55E96271D510CA600EFEAAA /* PBXTargetDependency */,
			);
			name = BrandEasyUITests;
			productName = NaturiSUITests;
			productReference = F55E96251D510CA600EFEAAA /* BrandEasy.xctest */;
			productType = "com.apple.product-type.bundle.ui-testing";
		};
/* End PBXNativeTarget section */

/* Begin PBXProject section */
		F55E95F61D510CA600EFEAAA /* Project object */ = {
			isa = PBXProject;
			attributes = {
				LastUpgradeCheck = 0730;
				ORGANIZATIONNAME = "Chenya Zhang";
				TargetAttributes = {
					F55E95FD1D510CA600EFEAAA = {
						CreatedOnToolsVersion = 7.3.1;
						DevelopmentTeam = HK5T53PCUH;
					};
					F55E96191D510CA600EFEAAA = {
						CreatedOnToolsVersion = 7.3.1;
						TestTargetID = F55E95FD1D510CA600EFEAAA;
					};
					F55E96241D510CA600EFEAAA = {
						CreatedOnToolsVersion = 7.3.1;
						TestTargetID = F55E95FD1D510CA600EFEAAA;
					};
				};
			};
			buildConfigurationList = F55E95F91D510CA600EFEAAA /* Build configuration list for PBXProject "BrandEasy" */;
			compatibilityVersion = "Xcode 3.2";
			developmentRegion = English;
			hasScannedForEncodings = 0;
			knownRegions = (
				en,
				Base,
			);
			mainGroup = F55E95F51D510CA600EFEAAA;
			productRefGroup = F55E95FF1D510CA600EFEAAA /* Products */;
			projectDirPath = "";
			projectRoot = "";
			targets = (
				F55E95FD1D510CA600EFEAAA /* BrandEasy */,
				F55E96191D510CA600EFEAAA /* BrandEasyTests */,
				F55E96241D510CA600EFEAAA /* BrandEasyUITests */,
			);
		};
/* End PBXProject section */

/* Begin PBXResourcesBuildPhase section */
		F55E95FC1D510CA600EFEAAA /* Resources */ = {
			isa = PBXResourcesBuildPhase;
			buildActionMask = 2147483647;
			files = (
				F55E96141D510CA600EFEAAA /* LaunchScreen.storyboard in Resources */,
				F55E963A1D510D6300EFEAAA /* Assets.xcassets in Resources */,
				F55E96381D510CCF00EFEAAA /* Main.storyboard in Resources */,
			);
			runOnlyForDeploymentPostprocessing = 0;
		};
		F55E96181D510CA600EFEAAA /* Resources */ = {
			isa = PBXResourcesBuildPhase;
			buildActionMask = 2147483647;
			files = (
			);
			runOnlyForDeploymentPostprocessing = 0;
		};
		F55E96231D510CA600EFEAAA /* Resources */ = {
			isa = PBXResourcesBuildPhase;
			buildActionMask = 2147483647;
			files = (
			);
			runOnlyForDeploymentPostprocessing = 0;
		};
/* End PBXResourcesBuildPhase section */

/* Begin PBXSourcesBuildPhase section */
		F55E95FA1D510CA600EFEAAA /* Sources */ = {
			isa = PBXSourcesBuildPhase;
			buildActionMask = 2147483647;
			files = (
				F55E96091D510CA600EFEAAA /* ViewController.m in Sources */,
				F58B10721D512FCE00B64183 /* DemoReadyViewController.m in Sources */,
				F58B108E1D53CA7A00B64183 /* CompetitorAnalysisViewController.m in Sources */,
				F58B107E1D51301400B64183 /* CongratulationViewController.m in Sources */,
				F58B10781D512FE900B64183 /* FeedbackIntroViewController.m in Sources */,
				F58B10971D53CB4200B64183 /* GeneralFeedbackViewController.m in Sources */,
				F58B107B1D512FF400B64183 /* FeedbackViewController.m in Sources */,
				F58B106C1D512FB300B64183 /* CollectIntroViewController.m in Sources */,
				F58B10751D512FD600B64183 /* DemoViewController.m in Sources */,
				F58B10941D53CB3400B64183 /* SpecificQuestionViewController.m in Sources */,
				F58B10691D512F9D00B64183 /* ArriveViewController.m in Sources */,
				F58B10661D512F8F00B64183 /* TravelViewController.m in Sources */,
				F55E96061D510CA600EFEAAA /* AppDelegate.m in Sources */,
				F58B10871D51304800B64183 /* NextDemoViewController.m in Sources */,
				F55E960F1D510CA600EFEAAA /* NaturiS.xcdatamodeld in Sources */,
				F58B10911D53CA8800B64183 /* OurProductViewController.m in Sources */,
				F55E96031D510CA600EFEAAA /* main.m in Sources */,
				F58B10841D51303100B64183 /* LeaveViewController.m in Sources */,
				F58B106F1D512FBC00B64183 /* CollectViewController.m in Sources */,
				F58B108A1D53B68600B64183 /* LoginViewController.m in Sources */,
				F58B10811D51302900B64183 /* LeaveIntroViewController.m in Sources */,
				F58B10601D512F6A00B64183 /* DemoIntroViewController.m in Sources */,
				F58B10631D512F8200B64183 /* TravelIntroViewController.m in Sources */,
			);
			runOnlyForDeploymentPostprocessing = 0;
		};
		F55E96161D510CA600EFEAAA /* Sources */ = {
			isa = PBXSourcesBuildPhase;
			buildActionMask = 2147483647;
			files = (
				F55E961F1D510CA600EFEAAA /* NaturiSTests.m in Sources */,
			);
			runOnlyForDeploymentPostprocessing = 0;
		};
		F55E96211D510CA600EFEAAA /* Sources */ = {
			isa = PBXSourcesBuildPhase;
			buildActionMask = 2147483647;
			files = (
				F55E962A1D510CA600EFEAAA /* NaturiSUITests.m in Sources */,
			);
			runOnlyForDeploymentPostprocessing = 0;
		};
/* End PBXSourcesBuildPhase section */

/* Begin PBXTargetDependency section */
		F55E961C1D510CA600EFEAAA /* PBXTargetDependency */ = {
			isa = PBXTargetDependency;
			target = F55E95FD1D510CA600EFEAAA /* BrandEasy */;
			targetProxy = F55E961B1D510CA600EFEAAA /* PBXContainerItemProxy */;
		};
		F55E96271D510CA600EFEAAA /* PBXTargetDependency */ = {
			isa = PBXTargetDependency;
			target = F55E95FD1D510CA600EFEAAA /* BrandEasy */;
			targetProxy = F55E96261D510CA600EFEAAA /* PBXContainerItemProxy */;
		};
/* End PBXTargetDependency section */

/* Begin PBXVariantGroup section */
		F55E96121D510CA600EFEAAA /* LaunchScreen.storyboard */ = {
			isa = PBXVariantGroup;
			children = (
				F55E96131D510CA600EFEAAA /* Base */,
			);
			name = LaunchScreen.storyboard;
			sourceTree = "<group>";
		};
/* End PBXVariantGroup section */

/* Begin XCBuildConfiguration section */
		F55E962C1D510CA600EFEAAA /* Debug */ = {
			isa = XCBuildConfiguration;
			buildSettings = {
				ALWAYS_SEARCH_USER_PATHS = NO;
				CLANG_ANALYZER_NONNULL = YES;
				CLANG_CXX_LANGUAGE_STANDARD = "gnu++0x";
				CLANG_CXX_LIBRARY = "libc++";
				CLANG_ENABLE_MODULES = YES;
				CLANG_ENABLE_OBJC_ARC = YES;
				CLANG_WARN_BOOL_CONVERSION = YES;
				CLANG_WARN_CONSTANT_CONVERSION = YES;
				CLANG_WARN_DIRECT_OBJC_ISA_USAGE = YES_ERROR;
				CLANG_WARN_EMPTY_BODY = YES;
				CLANG_WARN_ENUM_CONVERSION = YES;
				CLANG_WARN_INT_CONVERSION = YES;
				CLANG_WARN_OBJC_ROOT_CLASS = YES_ERROR;
				CLANG_WARN_UNREACHABLE_CODE = YES;
				CLANG_WARN__DUPLICATE_METHOD_MATCH = YES;
				"CODE_SIGN_IDENTITY[sdk=iphoneos*]" = "iPhone Developer";
				COPY_PHASE_STRIP = NO;
				DEBUG_INFORMATION_FORMAT = "dwarf-with-dsym";
				ENABLE_STRICT_OBJC_MSGSEND = YES;
				ENABLE_TESTABILITY = YES;
				GCC_C_LANGUAGE_STANDARD = gnu99;
				GCC_DYNAMIC_NO_PIC = NO;
				GCC_NO_COMMON_BLOCKS = YES;
				GCC_OPTIMIZATION_LEVEL = 0;
				GCC_PREPROCESSOR_DEFINITIONS = (
					"DEBUG=1",
					"$(inherited)",
				);
				GCC_WARN_64_TO_32_BIT_CONVERSION = YES;
				GCC_WARN_ABOUT_RETURN_TYPE = YES_ERROR;
				GCC_WARN_UNDECLARED_SELECTOR = YES;
				GCC_WARN_UNINITIALIZED_AUTOS = YES_AGGRESSIVE;
				GCC_WARN_UNUSED_FUNCTION = YES;
				GCC_WARN_UNUSED_VARIABLE = YES;
				IPHONEOS_DEPLOYMENT_TARGET = 9.3;
				MTL_ENABLE_DEBUG_INFO = YES;
				ONLY_ACTIVE_ARCH = YES;
				SDKROOT = iphoneos;
				TARGETED_DEVICE_FAMILY = "1,2";
			};
			name = Debug;
		};
		F55E962D1D510CA600EFEAAA /* Release */ = {
			isa = XCBuildConfiguration;
			buildSettings = {
				ALWAYS_SEARCH_USER_PATHS = NO;
				CLANG_ANALYZER_NONNULL = YES;
				CLANG_CXX_LANGUAGE_STANDARD = "gnu++0x";
				CLANG_CXX_LIBRARY = "libc++";
				CLANG_ENABLE_MODULES = YES;
				CLANG_ENABLE_OBJC_ARC = YES;
				CLANG_WARN_BOOL_CONVERSION = YES;
				CLANG_WARN_CONSTANT_CONVERSION = YES;
				CLANG_WARN_DIRECT_OBJC_ISA_USAGE = YES_ERROR;
				CLANG_WARN_EMPTY_BODY = YES;
				CLANG_WARN_ENUM_CONVERSION = YES;
				CLANG_WARN_INT_CONVERSION = YES;
				CLANG_WARN_OBJC_ROOT_CLASS = YES_ERROR;
				CLANG_WARN_UNREACHABLE_CODE = YES;
				CLANG_WARN__DUPLICATE_METHOD_MATCH = YES;
				"CODE_SIGN_IDENTITY[sdk=iphoneos*]" = "iPhone Developer";
				COPY_PHASE_STRIP = NO;
				DEBUG_INFORMATION_FORMAT = "dwarf-with-dsym";
				ENABLE_NS_ASSERTIONS = NO;
				ENABLE_STRICT_OBJC_MSGSEND = YES;
				GCC_C_LANGUAGE_STANDARD = gnu99;
				GCC_NO_COMMON_BLOCKS = YES;
				GCC_WARN_64_TO_32_BIT_CONVERSION = YES;
				GCC_WARN_ABOUT_RETURN_TYPE = YES_ERROR;
				GCC_WARN_UNDECLARED_SELECTOR = YES;
				GCC_WARN_UNINITIALIZED_AUTOS = YES_AGGRESSIVE;
				GCC_WARN_UNUSED_FUNCTION = YES;
				GCC_WARN_UNUSED_VARIABLE = YES;
				IPHONEOS_DEPLOYMENT_TARGET = 9.3;
				MTL_ENABLE_DEBUG_INFO = NO;
				SDKROOT = iphoneos;
				TARGETED_DEVICE_FAMILY = "1,2";
				VALIDATE_PRODUCT = YES;
			};
			name = Release;
		};
		F55E962F1D510CA600EFEAAA /* Debug */ = {
			isa = XCBuildConfiguration;
			buildSettings = {
				ASSETCATALOG_COMPILER_APPICON_NAME = AppIcon;
				CODE_SIGN_IDENTITY = "iPhone Developer";
				INFOPLIST_FILE = NaturiS/Info.plist;
				IPHONEOS_DEPLOYMENT_TARGET = 8.0;
				LD_RUNPATH_SEARCH_PATHS = "$(inherited) @executable_path/Frameworks";
				PRODUCT_BUNDLE_IDENTIFIER = ChenyaZhang.NaturiS;
				PRODUCT_NAME = BrandEasy;
				TARGETED_DEVICE_FAMILY = 1;
			};
			name = Debug;
		};
		F55E96301D510CA600EFEAAA /* Release */ = {
			isa = XCBuildConfiguration;
			buildSettings = {
				ASSETCATALOG_COMPILER_APPICON_NAME = AppIcon;
				CODE_SIGN_IDENTITY = "iPhone Developer";
				INFOPLIST_FILE = NaturiS/Info.plist;
				IPHONEOS_DEPLOYMENT_TARGET = 8.0;
				LD_RUNPATH_SEARCH_PATHS = "$(inherited) @executable_path/Frameworks";
				PRODUCT_BUNDLE_IDENTIFIER = ChenyaZhang.NaturiS;
				PRODUCT_NAME = BrandEasy;
				TARGETED_DEVICE_FAMILY = 1;
			};
			name = Release;
		};
		F55E96321D510CA600EFEAAA /* Debug */ = {
			isa = XCBuildConfiguration;
			buildSettings = {
				BUNDLE_LOADER = "$(TEST_HOST)";
				INFOPLIST_FILE = NaturiSTests/Info.plist;
				LD_RUNPATH_SEARCH_PATHS = "$(inherited) @executable_path/Frameworks @loader_path/Frameworks";
				PRODUCT_BUNDLE_IDENTIFIER = ChenyaZhang.NaturiSTests;
				PRODUCT_NAME = BrandEasy;
				TEST_HOST = "$(BUILT_PRODUCTS_DIR)/BrandEasy.app/BrandEasy";
			};
			name = Debug;
		};
		F55E96331D510CA600EFEAAA /* Release */ = {
			isa = XCBuildConfiguration;
			buildSettings = {
				BUNDLE_LOADER = "$(TEST_HOST)";
				INFOPLIST_FILE = NaturiSTests/Info.plist;
				LD_RUNPATH_SEARCH_PATHS = "$(inherited) @executable_path/Frameworks @loader_path/Frameworks";
				PRODUCT_BUNDLE_IDENTIFIER = ChenyaZhang.NaturiSTests;
				PRODUCT_NAME = BrandEasy;
				TEST_HOST = "$(BUILT_PRODUCTS_DIR)/BrandEasy.app/BrandEasy";
			};
			name = Release;
		};
		F55E96351D510CA600EFEAAA /* Debug */ = {
			isa = XCBuildConfiguration;
			buildSettings = {
				INFOPLIST_FILE = NaturiSUITests/Info.plist;
				LD_RUNPATH_SEARCH_PATHS = "$(inherited) @executable_path/Frameworks @loader_path/Frameworks";
				PRODUCT_BUNDLE_IDENTIFIER = ChenyaZhang.NaturiSUITests;
				PRODUCT_NAME = BrandEasy;
				TEST_TARGET_NAME = NaturiS;
			};
			name = Debug;
		};
		F55E96361D510CA600EFEAAA /* Release */ = {
			isa = XCBuildConfiguration;
			buildSettings = {
				INFOPLIST_FILE = NaturiSUITests/Info.plist;
				LD_RUNPATH_SEARCH_PATHS = "$(inherited) @executable_path/Frameworks @loader_path/Frameworks";
				PRODUCT_BUNDLE_IDENTIFIER = ChenyaZhang.NaturiSUITests;
				PRODUCT_NAME = BrandEasy;
				TEST_TARGET_NAME = NaturiS;
			};
			name = Release;
		};
/* End XCBuildConfiguration section */

/* Begin XCConfigurationList section */
		F55E95F91D510CA600EFEAAA /* Build configuration list for PBXProject "BrandEasy" */ = {
			isa = XCConfigurationList;
			buildConfigurations = (
				F55E962C1D510CA600EFEAAA /* Debug */,
				F55E962D1D510CA600EFEAAA /* Release */,
			);
			defaultConfigurationIsVisible = 0;
			defaultConfigurationName = Release;
		};
		F55E962E1D510CA600EFEAAA /* Build configuration list for PBXNativeTarget "BrandEasy" */ = {
			isa = XCConfigurationList;
			buildConfigurations = (
				F55E962F1D510CA600EFEAAA /* Debug */,
				F55E96301D510CA600EFEAAA /* Release */,
			);
			defaultConfigurationIsVisible = 0;
			defaultConfigurationName = Release;
		};
		F55E96311D510CA600EFEAAA /* Build configuration list for PBXNativeTarget "BrandEasyTests" */ = {
			isa = XCConfigurationList;
			buildConfigurations = (
				F55E96321D510CA600EFEAAA /* Debug */,
				F55E96331D510CA600EFEAAA /* Release */,
			);
			defaultConfigurationIsVisible = 0;
			defaultConfigurationName = Release;
		};
		F55E96341D510CA600EFEAAA /* Build configuration list for PBXNativeTarget "BrandEasyUITests" */ = {
			isa = XCConfigurationList;
			buildConfigurations = (
				F55E96351D510CA600EFEAAA /* Debug */,
				F55E96361D510CA600EFEAAA /* Release */,
			);
			defaultConfigurationIsVisible = 0;
			defaultConfigurationName = Release;
		};
/* End XCConfigurationList section */

/* Begin XCVersionGroup section */
		F55E960D1D510CA600EFEAAA /* NaturiS.xcdatamodeld */ = {
			isa = XCVersionGroup;
			children = (
				F55E960E1D510CA600EFEAAA /* NaturiS.xcdatamodel */,
			);
			currentVersion = F55E960E1D510CA600EFEAAA /* NaturiS.xcdatamodel */;
			path = NaturiS.xcdatamodeld;
			sourceTree = "<group>";
			versionGroupType = wrapper.xcdatamodel;
		};
/* End XCVersionGroup section */
	};
	rootObject = F55E95F61D510CA600EFEAAA /* Project object */;
}
